
Microsoft Visual Studio Solution File, Format Version 12.00
# Visual Studio 2013
VisualStudioVersion = 12.0.21005.1
MinimumVisualStudioVersion = 10.0.40219.1
Project("{8BC9CEB8-8B4A-11D0-8D11-00A0C91BC942}") = "My Poem", "My Poem\My Poem.vcxproj", "{3A11D4F6-0A00-4F46-94F4-F693BCD75333}"
EndProject
Global
	GlobalSection(SolutionConfigurationPlatforms) = preSolution
		Debug|Win32 = Debug|Win32
		Release|Win32 = Release|Win32
	EndGlobalSection
	GlobalSection(ProjectConfigurationPlatforms) = postSolution
		{3A11D4F6-0A00-4F46-94F4-F693BCD75333}.Debug|Win32.ActiveCfg = Debug|Win32
		{3A11D4F6-0A00-4F46-94F4-F693BCD75333}.Debug|Win32.Build.0 = Debug|Win32
		{3A11D4F6-0A00-4F46-94F4-F693BCD75333}.Release|Win32.ActiveCfg = Release|Win32
		{3A11D4F6-0A00-4F46-94F4-F693BCD75333}.Release|Win32.Build.0 = Release|Win32
	EndGlobalSection
	GlobalSection(SolutionProperties) = preSolution
		HideSolutionNode = FALSE
	EndGlobalSection
EndGlobal
